
Microsoft Visual Studio Solution File, Format Version 12.00
# Visual Studio 2012
Project("{FAE04EC0-301F-11D3-BF4B-00C04F79EFBC}") = "IpdsMultiTouch", "IpdsMultiTouch\IpdsMultiTouch.csproj", "{B20C9790-58F7-43F3-AF4A-7FF31437FC1E}"
EndProject
Project("{FAE04EC0-301F-11D3-BF4B-00C04F79EFBC}") = "MultiTouchTest", "ImageViewerDemo\MultiTouchTest.csproj", "{957EE1DD-C28D-4E09-A72E-AC24E50025FE}"
EndProject
Global
	GlobalSection(SolutionConfigurationPlatforms) = preSolution
		Debug|Any CPU = Debug|Any CPU
		Release|Any CPU = Release|Any CPU
	EndGlobalSection
	GlobalSection(ProjectConfigurationPlatforms) = postSolution
		{B20C9790-58F7-43F3-AF4A-7FF31437FC1E}.Debug|Any CPU.ActiveCfg = Debug|Any CPU
		{B20C9790-58F7-43F3-AF4A-7FF31437FC1E}.Debug|Any CPU.Build.0 = Debug|Any CPU
		{B20C9790-58F7-43F3-AF4A-7FF31437FC1E}.Release|Any CPU.ActiveCfg = Release|Any CPU
		{B20C9790-58F7-43F3-AF4A-7FF31437FC1E}.Release|Any CPU.Build.0 = Release|Any CPU
		{957EE1DD-C28D-4E09-A72E-AC24E50025FE}.Debug|Any CPU.ActiveCfg = Debug|Any CPU
		{957EE1DD-C28D-4E09-A72E-AC24E50025FE}.Debug|Any CPU.Build.0 = Debug|Any CPU
		{957EE1DD-C28D-4E09-A72E-AC24E50025FE}.Release|Any CPU.ActiveCfg = Release|Any CPU
		{957EE1DD-C28D-4E09-A72E-AC24E50025FE}.Release|Any CPU.Build.0 = Release|Any CPU
	EndGlobalSection
	GlobalSection(SolutionProperties) = preSolution
		HideSolutionNode = FALSE
	EndGlobalSection
EndGlobal
